
Microsoft Visual Studio Solution File, Format Version 12.00
# Visual Studio Version 16
VisualStudioVersion = 16.0.30523.141
MinimumVisualStudioVersion = 10.0.40219.1
Project("{FAE04EC0-301F-11D3-BF4B-00C04F79EFBC}") = "FitnessAssistant_2ISP11-17_StarWKum", "FitnessAssistant_2ISP11-17_StarWKum\FitnessAssistant_2ISP11-17_StarWKum.csproj", "{9812E4EB-25D0-4E1D-900C-0BFB863504A0}"
EndProject
Project("{FAE04EC0-301F-11D3-BF4B-00C04F79EFBC}") = "FitnessAssistant_2ISP11-17_StarKum_Test", "FitnessAssistant_2ISP11-17_StarKum_Test\FitnessAssistant_2ISP11-17_StarKum_Test.csproj", "{59824C84-5B74-4FF7-8E8A-C1C718134978}"
EndProject
Global
	GlobalSection(SolutionConfigurationPlatforms) = preSolution
		Debug|Any CPU = Debug|Any CPU
		Release|Any CPU = Release|Any CPU
	EndGlobalSection
	GlobalSection(ProjectConfigurationPlatforms) = postSolution
		{9812E4EB-25D0-4E1D-900C-0BFB863504A0}.Debug|Any CPU.ActiveCfg = Debug|Any CPU
		{9812E4EB-25D0-4E1D-900C-0BFB863504A0}.Debug|Any CPU.Build.0 = Debug|Any CPU
		{9812E4EB-25D0-4E1D-900C-0BFB863504A0}.Release|Any CPU.ActiveCfg = Release|Any CPU
		{9812E4EB-25D0-4E1D-900C-0BFB863504A0}.Release|Any CPU.Build.0 = Release|Any CPU
		{59824C84-5B74-4FF7-8E8A-C1C718134978}.Debug|Any CPU.ActiveCfg = Debug|Any CPU
		{59824C84-5B74-4FF7-8E8A-C1C718134978}.Debug|Any CPU.Build.0 = Debug|Any CPU
		{59824C84-5B74-4FF7-8E8A-C1C718134978}.Release|Any CPU.ActiveCfg = Release|Any CPU
		{59824C84-5B74-4FF7-8E8A-C1C718134978}.Release|Any CPU.Build.0 = Release|Any CPU
	EndGlobalSection
	GlobalSection(SolutionProperties) = preSolution
		HideSolutionNode = FALSE
	EndGlobalSection
	GlobalSection(ExtensibilityGlobals) = postSolution
		SolutionGuid = {7C9FB273-2A81-4255-9151-1D3743E416CD}
	EndGlobalSection
EndGlobal
